
Microsoft Visual Studio Solution File, Format Version 12.00
# Visual Studio Version 16
VisualStudioVersion = 16.0.30503.244
MinimumVisualStudioVersion = 10.0.40219.1
Project("{FAE04EC0-301F-11D3-BF4B-00C04F79EFBC}") = "PM02_igzamen", "PM02_igzamen\PM02_igzamen.csproj", "{FC70D910-536E-411C-8297-6C6AB2C3B11D}"
EndProject
Global
	GlobalSection(SolutionConfigurationPlatforms) = preSolution
		Debug|Any CPU = Debug|Any CPU
		Release|Any CPU = Release|Any CPU
	EndGlobalSection
	GlobalSection(ProjectConfigurationPlatforms) = postSolution
		{FC70D910-536E-411C-8297-6C6AB2C3B11D}.Debug|Any CPU.ActiveCfg = Debug|Any CPU
		{FC70D910-536E-411C-8297-6C6AB2C3B11D}.Debug|Any CPU.Build.0 = Debug|Any CPU
		{FC70D910-536E-411C-8297-6C6AB2C3B11D}.Release|Any CPU.ActiveCfg = Release|Any CPU
		{FC70D910-536E-411C-8297-6C6AB2C3B11D}.Release|Any CPU.Build.0 = Release|Any CPU
	EndGlobalSection
	GlobalSection(SolutionProperties) = preSolution
		HideSolutionNode = FALSE
	EndGlobalSection
	GlobalSection(ExtensibilityGlobals) = postSolution
		SolutionGuid = {EBA8F621-2364-45C5-A912-64DDD04DB25B}
	EndGlobalSection
EndGlobal
